
Microsoft Visual Studio Solution File, Format Version 12.00
# Visual Studio Version 17
VisualStudioVersion = 17.0.31612.314
MinimumVisualStudioVersion = 10.0.40219.1
Project("{FAE04EC0-301F-11D3-BF4B-00C04F79EFBC}") = "Bibliotech", "Bibliotech\Bibliotech.csproj", "{46B830FB-3DCE-4F4F-A173-C92CB7E9D300}"
EndProject
Project("{FAE04EC0-301F-11D3-BF4B-00C04F79EFBC}") = "ReadExcel", "ReadExcel\ReadExcel.csproj", "{616CEF73-0E94-4F91-822A-F77CB1C387E9}"
EndProject
Global
	GlobalSection(SolutionConfigurationPlatforms) = preSolution
		Debug|Any CPU = Debug|Any CPU
		Release|Any CPU = Release|Any CPU
	EndGlobalSection
	GlobalSection(ProjectConfigurationPlatforms) = postSolution
		{46B830FB-3DCE-4F4F-A173-C92CB7E9D300}.Debug|Any CPU.ActiveCfg = Debug|Any CPU
		{46B830FB-3DCE-4F4F-A173-C92CB7E9D300}.Debug|Any CPU.Build.0 = Debug|Any CPU
		{46B830FB-3DCE-4F4F-A173-C92CB7E9D300}.Release|Any CPU.ActiveCfg = Release|Any CPU
		{46B830FB-3DCE-4F4F-A173-C92CB7E9D300}.Release|Any CPU.Build.0 = Release|Any CPU
		{616CEF73-0E94-4F91-822A-F77CB1C387E9}.Debug|Any CPU.ActiveCfg = Debug|Any CPU
		{616CEF73-0E94-4F91-822A-F77CB1C387E9}.Debug|Any CPU.Build.0 = Debug|Any CPU
		{616CEF73-0E94-4F91-822A-F77CB1C387E9}.Release|Any CPU.ActiveCfg = Release|Any CPU
		{616CEF73-0E94-4F91-822A-F77CB1C387E9}.Release|Any CPU.Build.0 = Release|Any CPU
	EndGlobalSection
	GlobalSection(SolutionProperties) = preSolution
		HideSolutionNode = FALSE
	EndGlobalSection
	GlobalSection(ExtensibilityGlobals) = postSolution
		SolutionGuid = {6310409A-B0A3-400F-8EB5-8FCD0202C68F}
	EndGlobalSection
EndGlobal
